
Microsoft Visual Studio Solution File, Format Version 12.00
# Visual Studio Version 17
VisualStudioVersion = 17.5.33627.172
MinimumVisualStudioVersion = 10.0.40219.1
Project("{9A19103F-16F7-4668-BE54-9A1E7A4F7556}") = "NO1_HelloWorld", "NO1_HelloWorld\NO1_HelloWorld.csproj", "{857DB98F-0D39-41C7-87DE-9564D04D07AA}"
EndProject
Project("{9A19103F-16F7-4668-BE54-9A1E7A4F7556}") = "NO2_DataType", "NO2_DataType\NO2_DataType.csproj", "{97D0703B-01EC-4FBF-91D5-7E97C5132B09}"
EndProject
Project("{9A19103F-16F7-4668-BE54-9A1E7A4F7556}") = "NO3_Operators", "NO3_Operators\NO3_Operators.csproj", "{E76664A0-4F8E-4BC7-B039-44D701A70D73}"
EndProject
Project("{9A19103F-16F7-4668-BE54-9A1E7A4F7556}") = "NO4_DeclaringFunctions", "NO4_DeclaringFunctions\NO4_DeclaringFunctions.csproj", "{C8E71759-242F-40DB-A4EE-762AFE74127A}"
EndProject
Project("{9A19103F-16F7-4668-BE54-9A1E7A4F7556}") = "NO5_Loop", "NO5_Loop\NO5_Loop.csproj", "{875C6D68-5F3B-491F-B0C0-6B643A85018E}"
EndProject
Project("{9A19103F-16F7-4668-BE54-9A1E7A4F7556}") = "NO6_Array", "NO6_Array\NO6_Array.csproj", "{718AEA11-848D-483F-90EC-7785CE4DD8CC}"
EndProject
Project("{9A19103F-16F7-4668-BE54-9A1E7A4F7556}") = "NO7_Typecasting", "NO7_Typecasting\NO7_Typecasting.csproj", "{B1D35432-08A1-442D-91EE-AAF79FFF0234}"
EndProject
Project("{9A19103F-16F7-4668-BE54-9A1E7A4F7556}") = "NO8_TryCatch", "NO8_TryCatch\NO8_TryCatch.csproj", "{9FB68DE6-A368-4210-A845-3F8D50BFB5D0}"
EndProject
Project("{9A19103F-16F7-4668-BE54-9A1E7A4F7556}") = "NO9_MethodsFunctions", "NO9_MethodsFunctions\NO9_MethodsFunctions.csproj", "{6AEDDA25-4C6E-4A56-95E8-74F9724C0A82}"
EndProject
Project("{9A19103F-16F7-4668-BE54-9A1E7A4F7556}") = "NO10_VariableScoping", "NO10_VariableScoping\NO10_VariableScoping.csproj", "{C1F0A998-7FF4-4E30-8DC9-8D11B2A87ECD}"
EndProject
Project("{9A19103F-16F7-4668-BE54-9A1E7A4F7556}") = "NO11_ParametersArguments", "NO11_ParametersArguments\NO11_ParametersArguments.csproj", "{787AE3F5-79C1-416A-AA2A-9394C904F344}"
EndProject
Project("{9A19103F-16F7-4668-BE54-9A1E7A4F7556}") = "NO12_ReturnType", "NO12_ReturnType\NO12_ReturnType.csproj", "{00689159-DA3C-477F-91C0-46BF039CD1CB}"
EndProject
Project("{9A19103F-16F7-4668-BE54-9A1E7A4F7556}") = "NO13_OverloadingMethods", "NO13_OverloadingMethods\NO13_OverloadingMethods.csproj", "{5ABEA2E7-E308-4117-8B19-54E8299DC23E}"
EndProject
Project("{9A19103F-16F7-4668-BE54-9A1E7A4F7556}") = "ChallengeNO1", "ChallengeNO1\ChallengeNO1.csproj", "{63D0C6C5-8A5B-48B0-9BE3-6CBA9AE641E0}"
EndProject
Project("{9A19103F-16F7-4668-BE54-9A1E7A4F7556}") = "NO14_Classes", "NO14_Classes\NO14_Classes.csproj", "{5B6B5E32-7A27-4F30-8B07-5EF8D1396362}"
EndProject
Project("{9A19103F-16F7-4668-BE54-9A1E7A4F7556}") = "NO15_Static", "NO15_Static\NO15_Static.csproj", "{E3CEF789-9FB1-41C1-8482-7D4EF38355D7}"
EndProject
Project("{9A19103F-16F7-4668-BE54-9A1E7A4F7556}") = "NO16_OOP", "NO16_OOP\NO16_OOP.csproj", "{09A2E6BA-352F-47BF-9C8F-869C07113763}"
EndProject
Project("{9A19103F-16F7-4668-BE54-9A1E7A4F7556}") = "NO17_Constructor", "NO17_Constructor\NO17_Constructor.csproj", "{D324C125-0C88-4231-8CD2-4C9C89CC25B0}"
EndProject
Project("{9A19103F-16F7-4668-BE54-9A1E7A4F7556}") = "ChallengeNO2", "ChallengeNO2\ChallengeNO2.csproj", "{DD8A5246-DC18-43D3-A3B0-1C1F07F192A7}"
EndProject
Project("{9A19103F-16F7-4668-BE54-9A1E7A4F7556}") = "NO18_ObjectMethods", "NO18_ObjectMethods\NO18_ObjectMethods.csproj", "{CE902116-AF10-427A-9315-429F9ADC8B6E}"
EndProject
Project("{9A19103F-16F7-4668-BE54-9A1E7A4F7556}") = "ChallengeNO3", "ChallengeNO3\ChallengeNO3.csproj", "{55D3D103-A98B-4035-9B99-D7F9DE91FD13}"
EndProject
Project("{9A19103F-16F7-4668-BE54-9A1E7A4F7556}") = "NO19_Encapsulation", "NO19_Encapsulation\NO19_Encapsulation.csproj", "{2F539945-AA8D-40F5-8C91-3321011E196B}"
EndProject
Project("{9A19103F-16F7-4668-BE54-9A1E7A4F7556}") = "NO19.1_EncapsulationWithGetSetShortcut", "NO19.1_EncapsulationWithGetSetShortcut\NO19.1_EncapsulationWithGetSetShortcut.csproj", "{780A2B92-10F3-4D11-AA4B-1A61EBCBDA99}"
EndProject
Project("{9A19103F-16F7-4668-BE54-9A1E7A4F7556}") = "NO20_OverloadingConstructor", "NO20_OverloadingConstructor\NO20_OverloadingConstructor.csproj", "{1091577F-EFB6-431D-B9C4-1B84B642726F}"
EndProject
Project("{9A19103F-16F7-4668-BE54-9A1E7A4F7556}") = "NO21_Inheritance", "NO21_Inheritance\NO21_Inheritance.csproj", "{2A2C7DC5-8DB7-4610-AE3A-024B92DBCE4E}"
EndProject
Project("{9A19103F-16F7-4668-BE54-9A1E7A4F7556}") = "ChallengeNO4", "ChallengeNO4\ChallengeNO4.csproj", "{DD5C6063-5F02-4CD1-AB04-D284E28626EB}"
EndProject
Project("{9A19103F-16F7-4668-BE54-9A1E7A4F7556}") = "ChallengeNO5_Polymorphism", "ChallengeNO5_Polymorphism\ChallengeNO5_Polymorphism.csproj", "{922BED36-A0B6-44AC-BBBA-339C27A38D74}"
EndProject
Project("{FAE04EC0-301F-11D3-BF4B-00C04F79EFBC}") = "NO22.1_InheritanceOverridingMethod", "NO22.1_InheritanceOverridingMethod\NO22.1_InheritanceOverridingMethod.csproj", "{27F21DBF-E7B3-4BF5-BBC8-7361AE25EAAB}"
EndProject
Global
	GlobalSection(SolutionConfigurationPlatforms) = preSolution
		Debug|Any CPU = Debug|Any CPU
		Release|Any CPU = Release|Any CPU
	EndGlobalSection
	GlobalSection(ProjectConfigurationPlatforms) = postSolution
		{857DB98F-0D39-41C7-87DE-9564D04D07AA}.Debug|Any CPU.ActiveCfg = Debug|Any CPU
		{857DB98F-0D39-41C7-87DE-9564D04D07AA}.Debug|Any CPU.Build.0 = Debug|Any CPU
		{857DB98F-0D39-41C7-87DE-9564D04D07AA}.Release|Any CPU.ActiveCfg = Release|Any CPU
		{857DB98F-0D39-41C7-87DE-9564D04D07AA}.Release|Any CPU.Build.0 = Release|Any CPU
		{97D0703B-01EC-4FBF-91D5-7E97C5132B09}.Debug|Any CPU.ActiveCfg = Debug|Any CPU
		{97D0703B-01EC-4FBF-91D5-7E97C5132B09}.Debug|Any CPU.Build.0 = Debug|Any CPU
		{97D0703B-01EC-4FBF-91D5-7E97C5132B09}.Release|Any CPU.ActiveCfg = Release|Any CPU
		{97D0703B-01EC-4FBF-91D5-7E97C5132B09}.Release|Any CPU.Build.0 = Release|Any CPU
		{E76664A0-4F8E-4BC7-B039-44D701A70D73}.Debug|Any CPU.ActiveCfg = Debug|Any CPU
		{E76664A0-4F8E-4BC7-B039-44D701A70D73}.Debug|Any CPU.Build.0 = Debug|Any CPU
		{E76664A0-4F8E-4BC7-B039-44D701A70D73}.Release|Any CPU.ActiveCfg = Release|Any CPU
		{E76664A0-4F8E-4BC7-B039-44D701A70D73}.Release|Any CPU.Build.0 = Release|Any CPU
		{C8E71759-242F-40DB-A4EE-762AFE74127A}.Debug|Any CPU.ActiveCfg = Debug|Any CPU
		{C8E71759-242F-40DB-A4EE-762AFE74127A}.Debug|Any CPU.Build.0 = Debug|Any CPU
		{C8E71759-242F-40DB-A4EE-762AFE74127A}.Release|Any CPU.ActiveCfg = Release|Any CPU
		{C8E71759-242F-40DB-A4EE-762AFE74127A}.Release|Any CPU.Build.0 = Release|Any CPU
		{875C6D68-5F3B-491F-B0C0-6B643A85018E}.Debug|Any CPU.ActiveCfg = Debug|Any CPU
		{875C6D68-5F3B-491F-B0C0-6B643A85018E}.Debug|Any CPU.Build.0 = Debug|Any CPU
		{875C6D68-5F3B-491F-B0C0-6B643A85018E}.Release|Any CPU.ActiveCfg = Release|Any CPU
		{875C6D68-5F3B-491F-B0C0-6B643A85018E}.Release|Any CPU.Build.0 = Release|Any CPU
		{718AEA11-848D-483F-90EC-7785CE4DD8CC}.Debug|Any CPU.ActiveCfg = Debug|Any CPU
		{718AEA11-848D-483F-90EC-7785CE4DD8CC}.Debug|Any CPU.Build.0 = Debug|Any CPU
		{718AEA11-848D-483F-90EC-7785CE4DD8CC}.Release|Any CPU.ActiveCfg = Release|Any CPU
		{718AEA11-848D-483F-90EC-7785CE4DD8CC}.Release|Any CPU.Build.0 = Release|Any CPU
		{B1D35432-08A1-442D-91EE-AAF79FFF0234}.Debug|Any CPU.ActiveCfg = Debug|Any CPU
		{B1D35432-08A1-442D-91EE-AAF79FFF0234}.Debug|Any CPU.Build.0 = Debug|Any CPU
		{B1D35432-08A1-442D-91EE-AAF79FFF0234}.Release|Any CPU.ActiveCfg = Release|Any CPU
		{B1D35432-08A1-442D-91EE-AAF79FFF0234}.Release|Any CPU.Build.0 = Release|Any CPU
		{9FB68DE6-A368-4210-A845-3F8D50BFB5D0}.Debug|Any CPU.ActiveCfg = Debug|Any CPU
		{9FB68DE6-A368-4210-A845-3F8D50BFB5D0}.Debug|Any CPU.Build.0 = Debug|Any CPU
		{9FB68DE6-A368-4210-A845-3F8D50BFB5D0}.Release|Any CPU.ActiveCfg = Release|Any CPU
		{9FB68DE6-A368-4210-A845-3F8D50BFB5D0}.Release|Any CPU.Build.0 = Release|Any CPU
		{6AEDDA25-4C6E-4A56-95E8-74F9724C0A82}.Debug|Any CPU.ActiveCfg = Debug|Any CPU
		{6AEDDA25-4C6E-4A56-95E8-74F9724C0A82}.Debug|Any CPU.Build.0 = Debug|Any CPU
		{6AEDDA25-4C6E-4A56-95E8-74F9724C0A82}.Release|Any CPU.ActiveCfg = Release|Any CPU
		{6AEDDA25-4C6E-4A56-95E8-74F9724C0A82}.Release|Any CPU.Build.0 = Release|Any CPU
		{C1F0A998-7FF4-4E30-8DC9-8D11B2A87ECD}.Debug|Any CPU.ActiveCfg = Debug|Any CPU
		{C1F0A998-7FF4-4E30-8DC9-8D11B2A87ECD}.Debug|Any CPU.Build.0 = Debug|Any CPU
		{C1F0A998-7FF4-4E30-8DC9-8D11B2A87ECD}.Release|Any CPU.ActiveCfg = Release|Any CPU
		{C1F0A998-7FF4-4E30-8DC9-8D11B2A87ECD}.Release|Any CPU.Build.0 = Release|Any CPU
		{787AE3F5-79C1-416A-AA2A-9394C904F344}.Debug|Any CPU.ActiveCfg = Debug|Any CPU
		{787AE3F5-79C1-416A-AA2A-9394C904F344}.Debug|Any CPU.Build.0 = Debug|Any CPU
		{787AE3F5-79C1-416A-AA2A-9394C904F344}.Release|Any CPU.ActiveCfg = Release|Any CPU
		{787AE3F5-79C1-416A-AA2A-9394C904F344}.Release|Any CPU.Build.0 = Release|Any CPU
		{00689159-DA3C-477F-91C0-46BF039CD1CB}.Debug|Any CPU.ActiveCfg = Debug|Any CPU
		{00689159-DA3C-477F-91C0-46BF039CD1CB}.Debug|Any CPU.Build.0 = Debug|Any CPU
		{00689159-DA3C-477F-91C0-46BF039CD1CB}.Release|Any CPU.ActiveCfg = Release|Any CPU
		{00689159-DA3C-477F-91C0-46BF039CD1CB}.Release|Any CPU.Build.0 = Release|Any CPU
		{5ABEA2E7-E308-4117-8B19-54E8299DC23E}.Debug|Any CPU.ActiveCfg = Debug|Any CPU
		{5ABEA2E7-E308-4117-8B19-54E8299DC23E}.Debug|Any CPU.Build.0 = Debug|Any CPU
		{5ABEA2E7-E308-4117-8B19-54E8299DC23E}.Release|Any CPU.ActiveCfg = Release|Any CPU
		{5ABEA2E7-E308-4117-8B19-54E8299DC23E}.Release|Any CPU.Build.0 = Release|Any CPU
		{63D0C6C5-8A5B-48B0-9BE3-6CBA9AE641E0}.Debug|Any CPU.ActiveCfg = Debug|Any CPU
		{63D0C6C5-8A5B-48B0-9BE3-6CBA9AE641E0}.Debug|Any CPU.Build.0 = Debug|Any CPU
		{63D0C6C5-8A5B-48B0-9BE3-6CBA9AE641E0}.Release|Any CPU.ActiveCfg = Release|Any CPU
		{63D0C6C5-8A5B-48B0-9BE3-6CBA9AE641E0}.Release|Any CPU.Build.0 = Release|Any CPU
		{5B6B5E32-7A27-4F30-8B07-5EF8D1396362}.Debug|Any CPU.ActiveCfg = Debug|Any CPU
		{5B6B5E32-7A27-4F30-8B07-5EF8D1396362}.Debug|Any CPU.Build.0 = Debug|Any CPU
		{5B6B5E32-7A27-4F30-8B07-5EF8D1396362}.Release|Any CPU.ActiveCfg = Release|Any CPU
		{5B6B5E32-7A27-4F30-8B07-5EF8D1396362}.Release|Any CPU.Build.0 = Release|Any CPU
		{E3CEF789-9FB1-41C1-8482-7D4EF38355D7}.Debug|Any CPU.ActiveCfg = Debug|Any CPU
		{E3CEF789-9FB1-41C1-8482-7D4EF38355D7}.Debug|Any CPU.Build.0 = Debug|Any CPU
		{E3CEF789-9FB1-41C1-8482-7D4EF38355D7}.Release|Any CPU.ActiveCfg = Release|Any CPU
		{E3CEF789-9FB1-41C1-8482-7D4EF38355D7}.Release|Any CPU.Build.0 = Release|Any CPU
		{09A2E6BA-352F-47BF-9C8F-869C07113763}.Debug|Any CPU.ActiveCfg = Debug|Any CPU
		{09A2E6BA-352F-47BF-9C8F-869C07113763}.Debug|Any CPU.Build.0 = Debug|Any CPU
		{09A2E6BA-352F-47BF-9C8F-869C07113763}.Release|Any CPU.ActiveCfg = Release|Any CPU
		{09A2E6BA-352F-47BF-9C8F-869C07113763}.Release|Any CPU.Build.0 = Release|Any CPU
		{D324C125-0C88-4231-8CD2-4C9C89CC25B0}.Debug|Any CPU.ActiveCfg = Debug|Any CPU
		{D324C125-0C88-4231-8CD2-4C9C89CC25B0}.Debug|Any CPU.Build.0 = Debug|Any CPU
		{D324C125-0C88-4231-8CD2-4C9C89CC25B0}.Release|Any CPU.ActiveCfg = Release|Any CPU
		{D324C125-0C88-4231-8CD2-4C9C89CC25B0}.Release|Any CPU.Build.0 = Release|Any CPU
		{DD8A5246-DC18-43D3-A3B0-1C1F07F192A7}.Debug|Any CPU.ActiveCfg = Debug|Any CPU
		{DD8A5246-DC18-43D3-A3B0-1C1F07F192A7}.Debug|Any CPU.Build.0 = Debug|Any CPU
		{DD8A5246-DC18-43D3-A3B0-1C1F07F192A7}.Release|Any CPU.ActiveCfg = Release|Any CPU
		{DD8A5246-DC18-43D3-A3B0-1C1F07F192A7}.Release|Any CPU.Build.0 = Release|Any CPU
		{CE902116-AF10-427A-9315-429F9ADC8B6E}.Debug|Any CPU.ActiveCfg = Debug|Any CPU
		{CE902116-AF10-427A-9315-429F9ADC8B6E}.Debug|Any CPU.Build.0 = Debug|Any CPU
		{CE902116-AF10-427A-9315-429F9ADC8B6E}.Release|Any CPU.ActiveCfg = Release|Any CPU
		{CE902116-AF10-427A-9315-429F9ADC8B6E}.Release|Any CPU.Build.0 = Release|Any CPU
		{55D3D103-A98B-4035-9B99-D7F9DE91FD13}.Debug|Any CPU.ActiveCfg = Debug|Any CPU
		{55D3D103-A98B-4035-9B99-D7F9DE91FD13}.Debug|Any CPU.Build.0 = Debug|Any CPU
		{55D3D103-A98B-4035-9B99-D7F9DE91FD13}.Release|Any CPU.ActiveCfg = Release|Any CPU
		{55D3D103-A98B-4035-9B99-D7F9DE91FD13}.Release|Any CPU.Build.0 = Release|Any CPU
		{2F539945-AA8D-40F5-8C91-3321011E196B}.Debug|Any CPU.ActiveCfg = Debug|Any CPU
		{2F539945-AA8D-40F5-8C91-3321011E196B}.Debug|Any CPU.Build.0 = Debug|Any CPU
		{2F539945-AA8D-40F5-8C91-3321011E196B}.Release|Any CPU.ActiveCfg = Release|Any CPU
		{2F539945-AA8D-40F5-8C91-3321011E196B}.Release|Any CPU.Build.0 = Release|Any CPU
		{780A2B92-10F3-4D11-AA4B-1A61EBCBDA99}.Debug|Any CPU.ActiveCfg = Debug|Any CPU
		{780A2B92-10F3-4D11-AA4B-1A61EBCBDA99}.Debug|Any CPU.Build.0 = Debug|Any CPU
		{780A2B92-10F3-4D11-AA4B-1A61EBCBDA99}.Release|Any CPU.ActiveCfg = Release|Any CPU
		{780A2B92-10F3-4D11-AA4B-1A61EBCBDA99}.Release|Any CPU.Build.0 = Release|Any CPU
		{1091577F-EFB6-431D-B9C4-1B84B642726F}.Debug|Any CPU.ActiveCfg = Debug|Any CPU
		{1091577F-EFB6-431D-B9C4-1B84B642726F}.Debug|Any CPU.Build.0 = Debug|Any CPU
		{1091577F-EFB6-431D-B9C4-1B84B642726F}.Release|Any CPU.ActiveCfg = Release|Any CPU
		{1091577F-EFB6-431D-B9C4-1B84B642726F}.Release|Any CPU.Build.0 = Release|Any CPU
		{2A2C7DC5-8DB7-4610-AE3A-024B92DBCE4E}.Debug|Any CPU.ActiveCfg = Debug|Any CPU
		{2A2C7DC5-8DB7-4610-AE3A-024B92DBCE4E}.Debug|Any CPU.Build.0 = Debug|Any CPU
		{2A2C7DC5-8DB7-4610-AE3A-024B92DBCE4E}.Release|Any CPU.ActiveCfg = Release|Any CPU
		{2A2C7DC5-8DB7-4610-AE3A-024B92DBCE4E}.Release|Any CPU.Build.0 = Release|Any CPU
		{DD5C6063-5F02-4CD1-AB04-D284E28626EB}.Debug|Any CPU.ActiveCfg = Debug|Any CPU
		{DD5C6063-5F02-4CD1-AB04-D284E28626EB}.Debug|Any CPU.Build.0 = Debug|Any CPU
		{DD5C6063-5F02-4CD1-AB04-D284E28626EB}.Release|Any CPU.ActiveCfg = Release|Any CPU
		{DD5C6063-5F02-4CD1-AB04-D284E28626EB}.Release|Any CPU.Build.0 = Release|Any CPU
		{922BED36-A0B6-44AC-BBBA-339C27A38D74}.Debug|Any CPU.ActiveCfg = Debug|Any CPU
		{922BED36-A0B6-44AC-BBBA-339C27A38D74}.Debug|Any CPU.Build.0 = Debug|Any CPU
		{922BED36-A0B6-44AC-BBBA-339C27A38D74}.Release|Any CPU.ActiveCfg = Release|Any CPU
		{922BED36-A0B6-44AC-BBBA-339C27A38D74}.Release|Any CPU.Build.0 = Release|Any CPU
		{27F21DBF-E7B3-4BF5-BBC8-7361AE25EAAB}.Debug|Any CPU.ActiveCfg = Debug|Any CPU
		{27F21DBF-E7B3-4BF5-BBC8-7361AE25EAAB}.Debug|Any CPU.Build.0 = Debug|Any CPU
		{27F21DBF-E7B3-4BF5-BBC8-7361AE25EAAB}.Release|Any CPU.ActiveCfg = Release|Any CPU
		{27F21DBF-E7B3-4BF5-BBC8-7361AE25EAAB}.Release|Any CPU.Build.0 = Release|Any CPU
	EndGlobalSection
	GlobalSection(SolutionProperties) = preSolution
		HideSolutionNode = FALSE
	EndGlobalSection
	GlobalSection(ExtensibilityGlobals) = postSolution
		SolutionGuid = {4472D7F3-C6EF-439F-99F3-D1F3756AB37F}
	EndGlobalSection
EndGlobal
